
Microsoft Visual Studio Solution File, Format Version 12.00
# Visual Studio Version 16
VisualStudioVersion = 16.0.30611.23
MinimumVisualStudioVersion = 10.0.40219.1
Project("{8BC9CEB8-8B4A-11D0-8D11-00A0C91BC942}") = "pra_6.5.3", "pra_6.5.3\pra_6.5.3.vcxproj", "{19EDC3C4-B4F3-4889-942F-0F317C2F2BAD}"
EndProject
Global
	GlobalSection(SolutionConfigurationPlatforms) = preSolution
		Debug|x64 = Debug|x64
		Debug|x86 = Debug|x86
		Release|x64 = Release|x64
		Release|x86 = Release|x86
	EndGlobalSection
	GlobalSection(ProjectConfigurationPlatforms) = postSolution
		{19EDC3C4-B4F3-4889-942F-0F317C2F2BAD}.Debug|x64.ActiveCfg = Debug|x64
		{19EDC3C4-B4F3-4889-942F-0F317C2F2BAD}.Debug|x64.Build.0 = Debug|x64
		{19EDC3C4-B4F3-4889-942F-0F317C2F2BAD}.Debug|x86.ActiveCfg = Debug|Win32
		{19EDC3C4-B4F3-4889-942F-0F317C2F2BAD}.Debug|x86.Build.0 = Debug|Win32
		{19EDC3C4-B4F3-4889-942F-0F317C2F2BAD}.Release|x64.ActiveCfg = Release|x64
		{19EDC3C4-B4F3-4889-942F-0F317C2F2BAD}.Release|x64.Build.0 = Release|x64
		{19EDC3C4-B4F3-4889-942F-0F317C2F2BAD}.Release|x86.ActiveCfg = Release|Win32
		{19EDC3C4-B4F3-4889-942F-0F317C2F2BAD}.Release|x86.Build.0 = Release|Win32
	EndGlobalSection
	GlobalSection(SolutionProperties) = preSolution
		HideSolutionNode = FALSE
	EndGlobalSection
	GlobalSection(ExtensibilityGlobals) = postSolution
		SolutionGuid = {21B9D237-D008-484F-B7D3-12CD61ABAEE0}
	EndGlobalSection
EndGlobal
